// !$*UTF8*$!
{
	archiveVersion = 1;
	classes = {
	};
	objectVersion = 46;
	objects = {

/* Begin PBXBuildFile section */
		FE9836D7196A548800734EA9 /* Foundation.framework in Frameworks */ = {isa = PBXBuildFile; fileRef = FE9836D6196A548800734EA9 /* Foundation.framework */; };
		FE9836E2196A548900734EA9 /* Twilight.mm in Sources */ = {isa = PBXBuildFile; fileRef = FE9836E1196A548900734EA9 /* Twilight.mm */; };
		FE9836ED196A54BD00734EA9 /* libsubstrate.dylib in Frameworks */ = {isa = PBXBuildFile; fileRef = FE9836EC196A54BD00734EA9 /* libsubstrate.dylib */; };
		FE9836EF196A54C000734EA9 /* UIKit.framework in Frameworks */ = {isa = PBXBuildFile; fileRef = FE9836EE196A54C000734EA9 /* UIKit.framework */; };
		FE9836F1196A54C400734EA9 /* CoreGraphics.framework in Frameworks */ = {isa = PBXBuildFile; fileRef = FE9836F0196A54C400734EA9 /* CoreGraphics.framework */; };
/* End PBXBuildFile section */

/* Begin PBXFileReference section */
		FE9836D3196A548800734EA9 /* Twilight.dylib */ = {isa = PBXFileReference; explicitFileType = "compiled.mach-o.dylib"; includeInIndex = 0; path = Twilight.dylib; sourceTree = BUILT_PRODUCTS_DIR; };
		FE9836D6196A548800734EA9 /* Foundation.framework */ = {isa = PBXFileReference; lastKnownFileType = wrapper.framework; name = Foundation.framework; path = System/Library/Frameworks/Foundation.framework; sourceTree = SDKROOT; };
		FE9836DB196A548800734EA9 /* control.txt */ = {isa = PBXFileReference; lastKnownFileType = text; name = control.txt; path = Package/DEBIAN/control.txt; sourceTree = "<group>"; };
		FE9836DC196A548800734EA9 /* control */ = {isa = PBXFileReference; lastKnownFileType = text; name = control; path = Package/DEBIAN/control; sourceTree = "<group>"; };
		FE9836DE196A548900734EA9 /* PackageVersion.plist */ = {isa = PBXFileReference; lastKnownFileType = text.plist.xml; path = PackageVersion.plist; sourceTree = "<group>"; };
		FE9836DF196A548900734EA9 /* Twilight-Prefix.pch */ = {isa = PBXFileReference; lastKnownFileType = sourcecode.c.h; path = "Twilight-Prefix.pch"; sourceTree = "<group>"; };
		FE9836E0196A548900734EA9 /* Twilight.xm */ = {isa = PBXFileReference; lastKnownFileType = sourcecode.cpp.objcpp; path = Twilight.xm; sourceTree = "<group>"; xcLanguageSpecificationIdentifier = xcode.lang.objcpp; };
		FE9836E1196A548900734EA9 /* Twilight.mm */ = {isa = PBXFileReference; lastKnownFileType = sourcecode.cpp.objcpp; path = Twilight.mm; sourceTree = "<group>"; };
		FE9836E6196A548900734EA9 /* Twilight.plist */ = {isa = PBXFileReference; lastKnownFileType = text.plist.xml; name = Twilight.plist; path = Package/Library/MobileSubstrate/DynamicLibraries/Twilight.plist; sourceTree = "<group>"; };
		FE9836EC196A54BD00734EA9 /* libsubstrate.dylib */ = {isa = PBXFileReference; lastKnownFileType = "compiled.mach-o.dylib"; name = libsubstrate.dylib; path = ../../../../opt/iOSOpenDev/lib/libsubstrate.dylib; sourceTree = "<group>"; };
		FE9836EE196A54C000734EA9 /* UIKit.framework */ = {isa = PBXFileReference; lastKnownFileType = wrapper.framework; name = UIKit.framework; path = System/Library/Frameworks/UIKit.framework; sourceTree = SDKROOT; };
		FE9836F0196A54C400734EA9 /* CoreGraphics.framework */ = {isa = PBXFileReference; lastKnownFileType = wrapper.framework; name = CoreGraphics.framework; path = System/Library/Frameworks/CoreGraphics.framework; sourceTree = SDKROOT; };
/* End PBXFileReference section */

/* Begin PBXFrameworksBuildPhase section */
		FE9836CF196A548800734EA9 /* Frameworks */ = {
			isa = PBXFrameworksBuildPhase;
			buildActionMask = 2147483647;
			files = (
				FE9836F1196A54C400734EA9 /* CoreGraphics.framework in Frameworks */,
				FE9836EF196A54C000734EA9 /* UIKit.framework in Frameworks */,
				FE9836ED196A54BD00734EA9 /* libsubstrate.dylib in Frameworks */,
				FE9836D7196A548800734EA9 /* Foundation.framework in Frameworks */,
			);
			runOnlyForDeploymentPostprocessing = 0;
		};
/* End PBXFrameworksBuildPhase section */

/* Begin PBXGroup section */
		FE9836C8196A548800734EA9 = {
			isa = PBXGroup;
			children = (
				FE9836D8196A548800734EA9 /* Twilight */,
				FE9836D5196A548800734EA9 /* Frameworks */,
				FE9836D4196A548800734EA9 /* Products */,
			);
			sourceTree = "<group>";
		};
		FE9836D4196A548800734EA9 /* Products */ = {
			isa = PBXGroup;
			children = (
				FE9836D3196A548800734EA9 /* Twilight.dylib */,
			);
			name = Products;
			sourceTree = "<group>";
		};
		FE9836D5196A548800734EA9 /* Frameworks */ = {
			isa = PBXGroup;
			children = (
				FE9836F0196A54C400734EA9 /* CoreGraphics.framework */,
				FE9836EE196A54C000734EA9 /* UIKit.framework */,
				FE9836EC196A54BD00734EA9 /* libsubstrate.dylib */,
				FE9836D6196A548800734EA9 /* Foundation.framework */,
			);
			name = Frameworks;
			sourceTree = "<group>";
		};
		FE9836D8196A548800734EA9 /* Twilight */ = {
			isa = PBXGroup;
			children = (
				FE9836E0196A548900734EA9 /* Twilight.xm */,
				FE9836E1196A548900734EA9 /* Twilight.mm */,
				FE9836D9196A548800734EA9 /* Package */,
				FE9836DD196A548900734EA9 /* Supporting Files */,
			);
			path = Twilight;
			sourceTree = "<group>";
		};
		FE9836D9196A548800734EA9 /* Package */ = {
			isa = PBXGroup;
			children = (
				FE9836DA196A548800734EA9 /* DEBIAN */,
				FE9836E3196A548900734EA9 /* Library */,
			);
			name = Package;
			sourceTree = "<group>";
		};
		FE9836DA196A548800734EA9 /* DEBIAN */ = {
			isa = PBXGroup;
			children = (
				FE9836DB196A548800734EA9 /* control.txt */,
				FE9836DC196A548800734EA9 /* control */,
			);
			name = DEBIAN;
			sourceTree = "<group>";
		};
		FE9836DD196A548900734EA9 /* Supporting Files */ = {
			isa = PBXGroup;
			children = (
				FE9836DE196A548900734EA9 /* PackageVersion.plist */,
				FE9836DF196A548900734EA9 /* Twilight-Prefix.pch */,
			);
			name = "Supporting Files";
			sourceTree = "<group>";
		};
		FE9836E3196A548900734EA9 /* Library */ = {
			isa = PBXGroup;
			children = (
				FE9836E4196A548900734EA9 /* MobileSubstrate */,
			);
			name = Library;
			sourceTree = "<group>";
		};
		FE9836E4196A548900734EA9 /* MobileSubstrate */ = {
			isa = PBXGroup;
			children = (
				FE9836E5196A548900734EA9 /* DynamicLibraries */,
			);
			name = MobileSubstrate;
			sourceTree = "<group>";
		};
		FE9836E5196A548900734EA9 /* DynamicLibraries */ = {
			isa = PBXGroup;
			children = (
				FE9836E6196A548900734EA9 /* Twilight.plist */,
			);
			name = DynamicLibraries;
			sourceTree = "<group>";
		};
/* End PBXGroup section */

/* Begin PBXHeadersBuildPhase section */
		FE9836D0196A548800734EA9 /* Headers */ = {
			isa = PBXHeadersBuildPhase;
			buildActionMask = 2147483647;
			files = (
			);
			runOnlyForDeploymentPostprocessing = 0;
		};
/* End PBXHeadersBuildPhase section */

/* Begin PBXNativeTarget section */
		FE9836D2196A548800734EA9 /* Twilight */ = {
			isa = PBXNativeTarget;
			buildConfigurationList = FE9836E9196A548900734EA9 /* Build configuration list for PBXNativeTarget "Twilight" */;
			buildPhases = (
				FE9836CD196A548800734EA9 /* ShellScript */,
				FE9836CE196A548800734EA9 /* Sources */,
				FE9836CF196A548800734EA9 /* Frameworks */,
				FE9836D0196A548800734EA9 /* Headers */,
				FE9836D1196A548800734EA9 /* ShellScript */,
			);
			buildRules = (
			);
			dependencies = (
			);
			name = Twilight;
			productName = Twilight;
			productReference = FE9836D3196A548800734EA9 /* Twilight.dylib */;
			productType = "com.apple.product-type.library.dynamic";
		};
/* End PBXNativeTarget section */

/* Begin PBXProject section */
		FE9836C9196A548800734EA9 /* Project object */ = {
			isa = PBXProject;
			attributes = {
				LastUpgradeCheck = 0600;
				TargetAttributes = {
					FE9836D2196A548800734EA9 = {
						CreatedOnToolsVersion = 6.0;
					};
				};
			};
			buildConfigurationList = FE9836CC196A548800734EA9 /* Build configuration list for PBXProject "Twilight" */;
			compatibilityVersion = "Xcode 3.2";
			developmentRegion = English;
			hasScannedForEncodings = 0;
			knownRegions = (
				en,
			);
			mainGroup = FE9836C8196A548800734EA9;
			productRefGroup = FE9836D4196A548800734EA9 /* Products */;
			projectDirPath = "";
			projectRoot = "";
			targets = (
				FE9836D2196A548800734EA9 /* Twilight */,
			);
		};
/* End PBXProject section */

/* Begin PBXShellScriptBuildPhase section */
		FE9836CD196A548800734EA9 /* ShellScript */ = {
			isa = PBXShellScriptBuildPhase;
			buildActionMask = 2147483647;
			files = (
			);
			inputPaths = (
			);
			outputPaths = (
			);
			runOnlyForDeploymentPostprocessing = 0;
			shellPath = /bin/sh;
			shellScript = "/opt/iOSOpenDev/bin/iosod --xcbp-logos";
		};
		FE9836D1196A548800734EA9 /* ShellScript */ = {
			isa = PBXShellScriptBuildPhase;
			buildActionMask = 2147483647;
			files = (
			);
			inputPaths = (
			);
			outputPaths = (
			);
			runOnlyForDeploymentPostprocessing = 0;
			shellPath = /bin/sh;
			shellScript = "/opt/iOSOpenDev/bin/iosod --xcbp";
		};
/* End PBXShellScriptBuildPhase section */

/* Begin PBXSourcesBuildPhase section */
		FE9836CE196A548800734EA9 /* Sources */ = {
			isa = PBXSourcesBuildPhase;
			buildActionMask = 2147483647;
			files = (
				FE9836E2196A548900734EA9 /* Twilight.mm in Sources */,
			);
			runOnlyForDeploymentPostprocessing = 0;
		};
/* End PBXSourcesBuildPhase section */

/* Begin XCBuildConfiguration section */
		FE9836E7196A548900734EA9 /* Debug */ = {
			isa = XCBuildConfiguration;
			buildSettings = {
				COPY_PHASE_STRIP = NO;
				EXCLUDED_RECURSIVE_SEARCH_PATH_SUBDIRECTORIES = "*.nib *.lproj *.gch (*) .DS_Store CVS .svn .git .hg *.xcodeproj *.xcode *.pbproj *.pbxproj";
				FRAMEWORK_SEARCH_PATHS = (
					"$(iOSOpenDevPath)/frameworks/**",
					"$(SDKROOT)/System/Library/PrivateFrameworks",
				);
				GCC_C_LANGUAGE_STANDARD = gnu99;
				GCC_DYNAMIC_NO_PIC = NO;
				GCC_OPTIMIZATION_LEVEL = 0;
				GCC_PREPROCESSOR_DEFINITIONS = (
					"DEBUG=1",
					"$(inherited)",
				);
				GCC_SYMBOLS_PRIVATE_EXTERN = NO;
				GCC_WARN_ABOUT_MISSING_PROTOTYPES = YES;
				GCC_WARN_ABOUT_RETURN_TYPE = YES;
				GCC_WARN_UNUSED_VARIABLE = YES;
				HEADER_SEARCH_PATHS = "$(iOSOpenDevPath)/include/**";
				IPHONEOS_DEPLOYMENT_TARGET = 8.0;
				LIBRARY_SEARCH_PATHS = "$(iOSOpenDevPath)/lib/**";
				SDKROOT = iphoneos;
				TARGETED_DEVICE_FAMILY = "1,2";
				VALIDATE_PRODUCT = NO;
				iOSOpenDevPath = /opt/iOSOpenDev;
			};
			name = Debug;
		};
		FE9836E8196A548900734EA9 /* Release */ = {
			isa = XCBuildConfiguration;
			buildSettings = {
				COPY_PHASE_STRIP = YES;
				EXCLUDED_RECURSIVE_SEARCH_PATH_SUBDIRECTORIES = "*.nib *.lproj *.gch (*) .DS_Store CVS .svn .git .hg *.xcodeproj *.xcode *.pbproj *.pbxproj";
				FRAMEWORK_SEARCH_PATHS = (
					"$(iOSOpenDevPath)/frameworks/**",
					"$(SDKROOT)/System/Library/PrivateFrameworks",
				);
				GCC_C_LANGUAGE_STANDARD = gnu99;
				GCC_WARN_ABOUT_MISSING_PROTOTYPES = YES;
				GCC_WARN_ABOUT_RETURN_TYPE = YES;
				GCC_WARN_UNUSED_VARIABLE = YES;
				HEADER_SEARCH_PATHS = "$(iOSOpenDevPath)/include/**";
				IPHONEOS_DEPLOYMENT_TARGET = 8.0;
				LIBRARY_SEARCH_PATHS = "$(iOSOpenDevPath)/lib/**";
				SDKROOT = iphoneos;
				TARGETED_DEVICE_FAMILY = "1,2";
				VALIDATE_PRODUCT = YES;
				iOSOpenDevPath = /opt/iOSOpenDev;
			};
			name = Release;
		};
		FE9836EA196A548900734EA9 /* Debug */ = {
			isa = XCBuildConfiguration;
			buildSettings = {
				CODE_SIGN_IDENTITY = "iPhone Developer";
				DYLIB_COMPATIBILITY_VERSION = 1;
				DYLIB_CURRENT_VERSION = 1;
				GCC_OPTIMIZATION_LEVEL = s;
				GCC_PRECOMPILE_PREFIX_HEADER = YES;
				GCC_PREFIX_HEADER = "Twilight/Twilight-Prefix.pch";
				INSTALL_PATH = /Library/MobileSubstrate/DynamicLibraries;
				IPHONEOS_DEPLOYMENT_TARGET = 7.0;
				LIBRARY_SEARCH_PATHS = (
					"$(inherited)",
					/opt/iOSOpenDev/lib,
				);
				PRODUCT_NAME = "$(TARGET_NAME)";
				iOSOpenDevBuildPackageOnAnyBuild = NO;
				iOSOpenDevCopyOnBuild = NO;
				iOSOpenDevDevice = 192.168.1.100;
				iOSOpenDevInstallOnAnyBuild = NO;
				iOSOpenDevInstallOnProfiling = YES;
				iOSOpenDevRespringOnInstall = YES;
				iOSOpenDevUsePackageVersionPList = YES;
			};
			name = Debug;
		};
		FE9836EB196A548900734EA9 /* Release */ = {
			isa = XCBuildConfiguration;
			buildSettings = {
				CODE_SIGN_IDENTITY = "iPhone Developer";
				DYLIB_COMPATIBILITY_VERSION = 1;
				DYLIB_CURRENT_VERSION = 1;
				GCC_PRECOMPILE_PREFIX_HEADER = YES;
				GCC_PREFIX_HEADER = "Twilight/Twilight-Prefix.pch";
				INSTALL_PATH = /Library/MobileSubstrate/DynamicLibraries;
				IPHONEOS_DEPLOYMENT_TARGET = 7.0;
				LIBRARY_SEARCH_PATHS = (
					"$(inherited)",
					/opt/iOSOpenDev/lib,
				);
				PRODUCT_NAME = "$(TARGET_NAME)";
				iOSOpenDevBuildPackageOnAnyBuild = NO;
				iOSOpenDevCopyOnBuild = NO;
				iOSOpenDevDevice = 192.168.1.100;
				iOSOpenDevInstallOnAnyBuild = NO;
				iOSOpenDevInstallOnProfiling = YES;
				iOSOpenDevRespringOnInstall = YES;
				iOSOpenDevUsePackageVersionPList = YES;
			};
			name = Release;
		};
/* End XCBuildConfiguration section */

/* Begin XCConfigurationList section */
		FE9836CC196A548800734EA9 /* Build configuration list for PBXProject "Twilight" */ = {
			isa = XCConfigurationList;
			buildConfigurations = (
				FE9836E7196A548900734EA9 /* Debug */,
				FE9836E8196A548900734EA9 /* Release */,
			);
			defaultConfigurationIsVisible = 0;
			defaultConfigurationName = Release;
		};
		FE9836E9196A548900734EA9 /* Build configuration list for PBXNativeTarget "Twilight" */ = {
			isa = XCConfigurationList;
			buildConfigurations = (
				FE9836EA196A548900734EA9 /* Debug */,
				FE9836EB196A548900734EA9 /* Release */,
			);
			defaultConfigurationIsVisible = 0;
			defaultConfigurationName = Release;
		};
/* End XCConfigurationList section */
	};
	rootObject = FE9836C9196A548800734EA9 /* Project object */;
}
